// !$*UTF8*$!
{
	archiveVersion = 1;
	classes = {
	};
	objectVersion = 46;
	objects = {

/* Begin PBXBuildFile section */
		8460AA3C1C31A8DA0031188C /* AppDelegate.swift in Sources */ = {isa = PBXBuildFile; fileRef = 8460AA3B1C31A8DA0031188C /* AppDelegate.swift */; };
		8460AA3E1C31A8DA0031188C /* ViewController.swift in Sources */ = {isa = PBXBuildFile; fileRef = 8460AA3D1C31A8DA0031188C /* ViewController.swift */; };
		8460AA411C31A8DB0031188C /* Main.storyboard in Resources */ = {isa = PBXBuildFile; fileRef = 8460AA3F1C31A8DB0031188C /* Main.storyboard */; };
		8460AA431C31A8DB0031188C /* Assets.xcassets in Resources */ = {isa = PBXBuildFile; fileRef = 8460AA421C31A8DB0031188C /* Assets.xcassets */; };
		8460AA461C31A8DB0031188C /* LaunchScreen.storyboard in Resources */ = {isa = PBXBuildFile; fileRef = 8460AA441C31A8DB0031188C /* LaunchScreen.storyboard */; };
		8498F86F1C31FE4E004F4AC7 /* ColoresStruct.swift in Sources */ = {isa = PBXBuildFile; fileRef = 8498F86E1C31FE4E004F4AC7 /* ColoresStruct.swift */; };
		8498F8711C3202EF004F4AC7 /* FrasesStruct.swift in Sources */ = {isa = PBXBuildFile; fileRef = 8498F8701C3202EF004F4AC7 /* FrasesStruct.swift */; };
/* End PBXBuildFile section */

/* Begin PBXFileReference section */
		8460AA381C31A8DA0031188C /* MasFeliz.app */ = {isa = PBXFileReference; explicitFileType = wrapper.application; includeInIndex = 0; path = MasFeliz.app; sourceTree = BUILT_PRODUCTS_DIR; };
		8460AA3B1C31A8DA0031188C /* AppDelegate.swift */ = {isa = PBXFileReference; lastKnownFileType = sourcecode.swift; path = AppDelegate.swift; sourceTree = "<group>"; };
		8460AA3D1C31A8DA0031188C /* ViewController.swift */ = {isa = PBXFileReference; lastKnownFileType = sourcecode.swift; path = ViewController.swift; sourceTree = "<group>"; };
		8460AA401C31A8DB0031188C /* Base */ = {isa = PBXFileReference; lastKnownFileType = file.storyboard; name = Base; path = Base.lproj/Main.storyboard; sourceTree = "<group>"; };
		8460AA421C31A8DB0031188C /* Assets.xcassets */ = {isa = PBXFileReference; lastKnownFileType = folder.assetcatalog; path = Assets.xcassets; sourceTree = "<group>"; };
		8460AA451C31A8DB0031188C /* Base */ = {isa = PBXFileReference; lastKnownFileType = file.storyboard; name = Base; path = Base.lproj/LaunchScreen.storyboard; sourceTree = "<group>"; };
		8460AA471C31A8DB0031188C /* Info.plist */ = {isa = PBXFileReference; lastKnownFileType = text.plist.xml; path = Info.plist; sourceTree = "<group>"; };
		8460AA4D1C31AA070031188C /* MyPlayground.playground */ = {isa = PBXFileReference; lastKnownFileType = file.playground; path = MyPlayground.playground; sourceTree = "<group>"; };
		8498F86E1C31FE4E004F4AC7 /* ColoresStruct.swift */ = {isa = PBXFileReference; fileEncoding = 4; lastKnownFileType = sourcecode.swift; path = ColoresStruct.swift; sourceTree = "<group>"; };
		8498F8701C3202EF004F4AC7 /* FrasesStruct.swift */ = {isa = PBXFileReference; fileEncoding = 4; lastKnownFileType = sourcecode.swift; path = FrasesStruct.swift; sourceTree = "<group>"; };
/* End PBXFileReference section */

/* Begin PBXFrameworksBuildPhase section */
		8460AA351C31A8DA0031188C /* Frameworks */ = {
			isa = PBXFrameworksBuildPhase;
			buildActionMask = 2147483647;
			files = (
			);
			runOnlyForDeploymentPostprocessing = 0;
		};
/* End PBXFrameworksBuildPhase section */

/* Begin PBXGroup section */
		8460AA2F1C31A8DA0031188C = {
			isa = PBXGroup;
			children = (
				8460AA3A1C31A8DA0031188C /* MasFeliz */,
				8460AA391C31A8DA0031188C /* Products */,
			);
			sourceTree = "<group>";
		};
		8460AA391C31A8DA0031188C /* Products */ = {
			isa = PBXGroup;
			children = (
				8460AA381C31A8DA0031188C /* MasFeliz.app */,
			);
			name = Products;
			sourceTree = "<group>";
		};
		8460AA3A1C31A8DA0031188C /* MasFeliz */ = {
			isa = PBXGroup;
			children = (
				8460AA4E1C31AA210031188C /* Playgrounds */,
				8460AA3B1C31A8DA0031188C /* AppDelegate.swift */,
				8460AA3D1C31A8DA0031188C /* ViewController.swift */,
				8460AA3F1C31A8DB0031188C /* Main.storyboard */,
				8460AA421C31A8DB0031188C /* Assets.xcassets */,
				8460AA441C31A8DB0031188C /* LaunchScreen.storyboard */,
				8460AA471C31A8DB0031188C /* Info.plist */,
				8498F86E1C31FE4E004F4AC7 /* ColoresStruct.swift */,
				8498F8701C3202EF004F4AC7 /* FrasesStruct.swift */,
			);
			path = MasFeliz;
			sourceTree = "<group>";
		};
		8460AA4E1C31AA210031188C /* Playgrounds */ = {
			isa = PBXGroup;
			children = (
				8460AA4D1C31AA070031188C /* MyPlayground.playground */,
			);
			name = Playgrounds;
			sourceTree = "<group>";
		};
/* End PBXGroup section */

/* Begin PBXNativeTarget section */
		8460AA371C31A8DA0031188C /* MasFeliz */ = {
			isa = PBXNativeTarget;
			buildConfigurationList = 8460AA4A1C31A8DB0031188C /* Build configuration list for PBXNativeTarget "MasFeliz" */;
			buildPhases = (
				8460AA341C31A8DA0031188C /* Sources */,
				8460AA351C31A8DA0031188C /* Frameworks */,
				8460AA361C31A8DA0031188C /* Resources */,
			);
			buildRules = (
			);
			dependencies = (
			);
			name = MasFeliz;
			productName = MasFeliz;
			productReference = 8460AA381C31A8DA0031188C /* MasFeliz.app */;
			productType = "com.apple.product-type.application";
		};
/* End PBXNativeTarget section */

/* Begin PBXProject section */
		8460AA301C31A8DA0031188C /* Project object */ = {
			isa = PBXProject;
			attributes = {
				LastSwiftUpdateCheck = 0720;
				LastUpgradeCheck = 0720;
				ORGANIZATIONNAME = ITESM;
				TargetAttributes = {
					8460AA371C31A8DA0031188C = {
						CreatedOnToolsVersion = 7.2;
					};
				};
			};
			buildConfigurationList = 8460AA331C31A8DA0031188C /* Build configuration list for PBXProject "MasFeliz" */;
			compatibilityVersion = "Xcode 3.2";
			developmentRegion = English;
			hasScannedForEncodings = 0;
			knownRegions = (
				en,
				Base,
			);
			mainGroup = 8460AA2F1C31A8DA0031188C;
			productRefGroup = 8460AA391C31A8DA0031188C /* Products */;
			projectDirPath = "";
			projectRoot = "";
			targets = (
				8460AA371C31A8DA0031188C /* MasFeliz */,
			);
		};
/* End PBXProject section */

/* Begin PBXResourcesBuildPhase section */
		8460AA361C31A8DA0031188C /* Resources */ = {
			isa = PBXResourcesBuildPhase;
			buildActionMask = 2147483647;
			files = (
				8460AA461C31A8DB0031188C /* LaunchScreen.storyboard in Resources */,
				8460AA431C31A8DB0031188C /* Assets.xcassets in Resources */,
				8460AA411C31A8DB0031188C /* Main.storyboard in Resources */,
			);
			runOnlyForDeploymentPostprocessing = 0;
		};
/* End PBXResourcesBuildPhase section */

/* Begin PBXSourcesBuildPhase section */
		8460AA341C31A8DA0031188C /* Sources */ = {
			isa = PBXSourcesBuildPhase;
			buildActionMask = 2147483647;
			files = (
				8460AA3E1C31A8DA0031188C /* ViewController.swift in Sources */,
				8498F86F1C31FE4E004F4AC7 /* ColoresStruct.swift in Sources */,
				8498F8711C3202EF004F4AC7 /* FrasesStruct.swift in Sources */,
				8460AA3C1C31A8DA0031188C /* AppDelegate.swift in Sources */,
			);
			runOnlyForDeploymentPostprocessing = 0;
		};
/* End PBXSourcesBuildPhase section */

/* Begin PBXVariantGroup section */
		8460AA3F1C31A8DB0031188C /* Main.storyboard */ = {
			isa = PBXVariantGroup;
			children = (
				8460AA401C31A8DB0031188C /* Base */,
			);
			name = Main.storyboard;
			sourceTree = "<group>";
		};
		8460AA441C31A8DB0031188C /* LaunchScreen.storyboard */ = {
			isa = PBXVariantGroup;
			children = (
				8460AA451C31A8DB0031188C /* Base */,
			);
			name = LaunchScreen.storyboard;
			sourceTree = "<group>";
		};
/* End PBXVariantGroup section */

/* Begin XCBuildConfiguration section */
		8460AA481C31A8DB0031188C /* Debug */ = {
			isa = XCBuildConfiguration;
			buildSettings = {
				ALWAYS_SEARCH_USER_PATHS = NO;
				CLANG_CXX_LANGUAGE_STANDARD = "gnu++0x";
				CLANG_CXX_LIBRARY = "libc++";
				CLANG_ENABLE_MODULES = YES;
				CLANG_ENABLE_OBJC_ARC = YES;
				CLANG_WARN_BOOL_CONVERSION = YES;
				CLANG_WARN_CONSTANT_CONVERSION = YES;
				CLANG_WARN_DIRECT_OBJC_ISA_USAGE = YES_ERROR;
				CLANG_WARN_EMPTY_BODY = YES;
				CLANG_WARN_ENUM_CONVERSION = YES;
				CLANG_WARN_INT_CONVERSION = YES;
				CLANG_WARN_OBJC_ROOT_CLASS = YES_ERROR;
				CLANG_WARN_UNREACHABLE_CODE = YES;
				CLANG_WARN__DUPLICATE_METHOD_MATCH = YES;
				"CODE_SIGN_IDENTITY[sdk=iphoneos*]" = "iPhone Developer";
				COPY_PHASE_STRIP = NO;
				DEBUG_INFORMATION_FORMAT = dwarf;
				ENABLE_STRICT_OBJC_MSGSEND = YES;
				ENABLE_TESTABILITY = YES;
				GCC_C_LANGUAGE_STANDARD = gnu99;
				GCC_DYNAMIC_NO_PIC = NO;
				GCC_NO_COMMON_BLOCKS = YES;
				GCC_OPTIMIZATION_LEVEL = 0;
				GCC_PREPROCESSOR_DEFINITIONS = (
					"DEBUG=1",
					"$(inherited)",
				);
				GCC_WARN_64_TO_32_BIT_CONVERSION = YES;
				GCC_WARN_ABOUT_RETURN_TYPE = YES_ERROR;
				GCC_WARN_UNDECLARED_SELECTOR = YES;
				GCC_WARN_UNINITIALIZED_AUTOS = YES_AGGRESSIVE;
				GCC_WARN_UNUSED_FUNCTION = YES;
				GCC_WARN_UNUSED_VARIABLE = YES;
				IPHONEOS_DEPLOYMENT_TARGET = 9.2;
				MTL_ENABLE_DEBUG_INFO = YES;
				ONLY_ACTIVE_ARCH = YES;
				SDKROOT = iphoneos;
				SWIFT_OPTIMIZATION_LEVEL = "-Onone";
			};
			name = Debug;
		};
		8460AA491C31A8DB0031188C /* Release */ = {
			isa = XCBuildConfiguration;
			buildSettings = {
				ALWAYS_SEARCH_USER_PATHS = NO;
				CLANG_CXX_LANGUAGE_STANDARD = "gnu++0x";
				CLANG_CXX_LIBRARY = "libc++";
				CLANG_ENABLE_MODULES = YES;
				CLANG_ENABLE_OBJC_ARC = YES;
				CLANG_WARN_BOOL_CONVERSION = YES;
				CLANG_WARN_CONSTANT_CONVERSION = YES;
				CLANG_WARN_DIRECT_OBJC_ISA_USAGE = YES_ERROR;
				CLANG_WARN_EMPTY_BODY = YES;
				CLANG_WARN_ENUM_CONVERSION = YES;
				CLANG_WARN_INT_CONVERSION = YES;
				CLANG_WARN_OBJC_ROOT_CLASS = YES_ERROR;
				CLANG_WARN_UNREACHABLE_CODE = YES;
				CLANG_WARN__DUPLICATE_METHOD_MATCH = YES;
				"CODE_SIGN_IDENTITY[sdk=iphoneos*]" = "iPhone Developer";
				COPY_PHASE_STRIP = NO;
				DEBUG_INFORMATION_FORMAT = "dwarf-with-dsym";
				ENABLE_NS_ASSERTIONS = NO;
				ENABLE_STRICT_OBJC_MSGSEND = YES;
				GCC_C_LANGUAGE_STANDARD = gnu99;
				GCC_NO_COMMON_BLOCKS = YES;
				GCC_WARN_64_TO_32_BIT_CONVERSION = YES;
				GCC_WARN_ABOUT_RETURN_TYPE = YES_ERROR;
				GCC_WARN_UNDECLARED_SELECTOR = YES;
				GCC_WARN_UNINITIALIZED_AUTOS = YES_AGGRESSIVE;
				GCC_WARN_UNUSED_FUNCTION = YES;
				GCC_WARN_UNUSED_VARIABLE = YES;
				IPHONEOS_DEPLOYMENT_TARGET = 9.2;
				MTL_ENABLE_DEBUG_INFO = NO;
				SDKROOT = iphoneos;
				VALIDATE_PRODUCT = YES;
			};
			name = Release;
		};
		8460AA4B1C31A8DB0031188C /* Debug */ = {
			isa = XCBuildConfiguration;
			buildSettings = {
				ASSETCATALOG_COMPILER_APPICON_NAME = AppIcon;
				INFOPLIST_FILE = MasFeliz/Info.plist;
				LD_RUNPATH_SEARCH_PATHS = "$(inherited) @executable_path/Frameworks";
				PRODUCT_BUNDLE_IDENTIFIER = mx.itesm.MasFeliz;
				PRODUCT_NAME = "$(TARGET_NAME)";
			};
			name = Debug;
		};
		8460AA4C1C31A8DB0031188C /* Release */ = {
			isa = XCBuildConfiguration;
			buildSettings = {
				ASSETCATALOG_COMPILER_APPICON_NAME = AppIcon;
				INFOPLIST_FILE = MasFeliz/Info.plist;
				LD_RUNPATH_SEARCH_PATHS = "$(inherited) @executable_path/Frameworks";
				PRODUCT_BUNDLE_IDENTIFIER = mx.itesm.MasFeliz;
				PRODUCT_NAME = "$(TARGET_NAME)";
			};
			name = Release;
		};
/* End XCBuildConfiguration section */

/* Begin XCConfigurationList section */
		8460AA331C31A8DA0031188C /* Build configuration list for PBXProject "MasFeliz" */ = {
			isa = XCConfigurationList;
			buildConfigurations = (
				8460AA481C31A8DB0031188C /* Debug */,
				8460AA491C31A8DB0031188C /* Release */,
			);
			defaultConfigurationIsVisible = 0;
			defaultConfigurationName = Release;
		};
		8460AA4A1C31A8DB0031188C /* Build configuration list for PBXNativeTarget "MasFeliz" */ = {
			isa = XCConfigurationList;
			buildConfigurations = (
				8460AA4B1C31A8DB0031188C /* Debug */,
				8460AA4C1C31A8DB0031188C /* Release */,
			);
			defaultConfigurationIsVisible = 0;
			defaultConfigurationName = Release;
		};
/* End XCConfigurationList section */
	};
	rootObject = 8460AA301C31A8DA0031188C /* Project object */;
}
