// !$*UTF8*$!
{
	archiveVersion = 1;
	classes = {
	};
	objectVersion = 46;
	objects = {

/* Begin PBXBuildFile section */
		8489A3421C44903C00154842 /* AppDelegate.swift in Sources */ = {isa = PBXBuildFile; fileRef = 8489A3411C44903C00154842 /* AppDelegate.swift */; };
		8489A3441C44903C00154842 /* ViewController.swift in Sources */ = {isa = PBXBuildFile; fileRef = 8489A3431C44903C00154842 /* ViewController.swift */; };
		8489A3471C44903D00154842 /* Main.storyboard in Resources */ = {isa = PBXBuildFile; fileRef = 8489A3451C44903D00154842 /* Main.storyboard */; };
		8489A3491C44903D00154842 /* Assets.xcassets in Resources */ = {isa = PBXBuildFile; fileRef = 8489A3481C44903D00154842 /* Assets.xcassets */; };
		8489A34C1C44903D00154842 /* LaunchScreen.storyboard in Resources */ = {isa = PBXBuildFile; fileRef = 8489A34A1C44903D00154842 /* LaunchScreen.storyboard */; };
		84A741B81C46D15D00DCA7C4 /* VistaMasa.swift in Sources */ = {isa = PBXBuildFile; fileRef = 84A741B71C46D15D00DCA7C4 /* VistaMasa.swift */; };
		84A741BA1C46D69700DCA7C4 /* VistaQueso.swift in Sources */ = {isa = PBXBuildFile; fileRef = 84A741B91C46D69700DCA7C4 /* VistaQueso.swift */; };
		84A741BC1C46D72100DCA7C4 /* VistaIngrediente.swift in Sources */ = {isa = PBXBuildFile; fileRef = 84A741BB1C46D72100DCA7C4 /* VistaIngrediente.swift */; };
		84A741BE1C47056F00DCA7C4 /* VistaConfirmacion.swift in Sources */ = {isa = PBXBuildFile; fileRef = 84A741BD1C47056F00DCA7C4 /* VistaConfirmacion.swift */; };
/* End PBXBuildFile section */

/* Begin PBXFileReference section */
		8489A33E1C44903C00154842 /* Pizzas.app */ = {isa = PBXFileReference; explicitFileType = wrapper.application; includeInIndex = 0; path = Pizzas.app; sourceTree = BUILT_PRODUCTS_DIR; };
		8489A3411C44903C00154842 /* AppDelegate.swift */ = {isa = PBXFileReference; lastKnownFileType = sourcecode.swift; path = AppDelegate.swift; sourceTree = "<group>"; };
		8489A3431C44903C00154842 /* ViewController.swift */ = {isa = PBXFileReference; lastKnownFileType = sourcecode.swift; path = ViewController.swift; sourceTree = "<group>"; };
		8489A3461C44903D00154842 /* Base */ = {isa = PBXFileReference; lastKnownFileType = file.storyboard; name = Base; path = Base.lproj/Main.storyboard; sourceTree = "<group>"; };
		8489A3481C44903D00154842 /* Assets.xcassets */ = {isa = PBXFileReference; lastKnownFileType = folder.assetcatalog; path = Assets.xcassets; sourceTree = "<group>"; };
		8489A34B1C44903D00154842 /* Base */ = {isa = PBXFileReference; lastKnownFileType = file.storyboard; name = Base; path = Base.lproj/LaunchScreen.storyboard; sourceTree = "<group>"; };
		8489A34D1C44903D00154842 /* Info.plist */ = {isa = PBXFileReference; lastKnownFileType = text.plist.xml; path = Info.plist; sourceTree = "<group>"; };
		84A741B71C46D15D00DCA7C4 /* VistaMasa.swift */ = {isa = PBXFileReference; fileEncoding = 4; lastKnownFileType = sourcecode.swift; path = VistaMasa.swift; sourceTree = "<group>"; };
		84A741B91C46D69700DCA7C4 /* VistaQueso.swift */ = {isa = PBXFileReference; fileEncoding = 4; lastKnownFileType = sourcecode.swift; path = VistaQueso.swift; sourceTree = "<group>"; };
		84A741BB1C46D72100DCA7C4 /* VistaIngrediente.swift */ = {isa = PBXFileReference; fileEncoding = 4; lastKnownFileType = sourcecode.swift; path = VistaIngrediente.swift; sourceTree = "<group>"; };
		84A741BD1C47056F00DCA7C4 /* VistaConfirmacion.swift */ = {isa = PBXFileReference; fileEncoding = 4; lastKnownFileType = sourcecode.swift; path = VistaConfirmacion.swift; sourceTree = "<group>"; };
/* End PBXFileReference section */

/* Begin PBXFrameworksBuildPhase section */
		8489A33B1C44903C00154842 /* Frameworks */ = {
			isa = PBXFrameworksBuildPhase;
			buildActionMask = 2147483647;
			files = (
			);
			runOnlyForDeploymentPostprocessing = 0;
		};
/* End PBXFrameworksBuildPhase section */

/* Begin PBXGroup section */
		8489A3351C44903C00154842 = {
			isa = PBXGroup;
			children = (
				8489A3401C44903C00154842 /* Pizzas */,
				8489A33F1C44903C00154842 /* Products */,
			);
			sourceTree = "<group>";
		};
		8489A33F1C44903C00154842 /* Products */ = {
			isa = PBXGroup;
			children = (
				8489A33E1C44903C00154842 /* Pizzas.app */,
			);
			name = Products;
			sourceTree = "<group>";
		};
		8489A3401C44903C00154842 /* Pizzas */ = {
			isa = PBXGroup;
			children = (
				8489A3411C44903C00154842 /* AppDelegate.swift */,
				8489A3451C44903D00154842 /* Main.storyboard */,
				8489A3481C44903D00154842 /* Assets.xcassets */,
				8489A34A1C44903D00154842 /* LaunchScreen.storyboard */,
				8489A34D1C44903D00154842 /* Info.plist */,
				8489A3431C44903C00154842 /* ViewController.swift */,
				84A741B71C46D15D00DCA7C4 /* VistaMasa.swift */,
				84A741B91C46D69700DCA7C4 /* VistaQueso.swift */,
				84A741BB1C46D72100DCA7C4 /* VistaIngrediente.swift */,
				84A741BD1C47056F00DCA7C4 /* VistaConfirmacion.swift */,
			);
			path = Pizzas;
			sourceTree = "<group>";
		};
/* End PBXGroup section */

/* Begin PBXNativeTarget section */
		8489A33D1C44903C00154842 /* Pizzas */ = {
			isa = PBXNativeTarget;
			buildConfigurationList = 8489A3501C44903D00154842 /* Build configuration list for PBXNativeTarget "Pizzas" */;
			buildPhases = (
				8489A33A1C44903C00154842 /* Sources */,
				8489A33B1C44903C00154842 /* Frameworks */,
				8489A33C1C44903C00154842 /* Resources */,
			);
			buildRules = (
			);
			dependencies = (
			);
			name = Pizzas;
			productName = Pizzas;
			productReference = 8489A33E1C44903C00154842 /* Pizzas.app */;
			productType = "com.apple.product-type.application";
		};
/* End PBXNativeTarget section */

/* Begin PBXProject section */
		8489A3361C44903C00154842 /* Project object */ = {
			isa = PBXProject;
			attributes = {
				LastSwiftUpdateCheck = 0720;
				LastUpgradeCheck = 0720;
				ORGANIZATIONNAME = ITESM;
				TargetAttributes = {
					8489A33D1C44903C00154842 = {
						CreatedOnToolsVersion = 7.2;
					};
				};
			};
			buildConfigurationList = 8489A3391C44903C00154842 /* Build configuration list for PBXProject "Pizzas" */;
			compatibilityVersion = "Xcode 3.2";
			developmentRegion = English;
			hasScannedForEncodings = 0;
			knownRegions = (
				en,
				Base,
			);
			mainGroup = 8489A3351C44903C00154842;
			productRefGroup = 8489A33F1C44903C00154842 /* Products */;
			projectDirPath = "";
			projectRoot = "";
			targets = (
				8489A33D1C44903C00154842 /* Pizzas */,
			);
		};
/* End PBXProject section */

/* Begin PBXResourcesBuildPhase section */
		8489A33C1C44903C00154842 /* Resources */ = {
			isa = PBXResourcesBuildPhase;
			buildActionMask = 2147483647;
			files = (
				8489A34C1C44903D00154842 /* LaunchScreen.storyboard in Resources */,
				8489A3491C44903D00154842 /* Assets.xcassets in Resources */,
				8489A3471C44903D00154842 /* Main.storyboard in Resources */,
			);
			runOnlyForDeploymentPostprocessing = 0;
		};
/* End PBXResourcesBuildPhase section */

/* Begin PBXSourcesBuildPhase section */
		8489A33A1C44903C00154842 /* Sources */ = {
			isa = PBXSourcesBuildPhase;
			buildActionMask = 2147483647;
			files = (
				84A741BC1C46D72100DCA7C4 /* VistaIngrediente.swift in Sources */,
				84A741BE1C47056F00DCA7C4 /* VistaConfirmacion.swift in Sources */,
				8489A3441C44903C00154842 /* ViewController.swift in Sources */,
				84A741B81C46D15D00DCA7C4 /* VistaMasa.swift in Sources */,
				8489A3421C44903C00154842 /* AppDelegate.swift in Sources */,
				84A741BA1C46D69700DCA7C4 /* VistaQueso.swift in Sources */,
			);
			runOnlyForDeploymentPostprocessing = 0;
		};
/* End PBXSourcesBuildPhase section */

/* Begin PBXVariantGroup section */
		8489A3451C44903D00154842 /* Main.storyboard */ = {
			isa = PBXVariantGroup;
			children = (
				8489A3461C44903D00154842 /* Base */,
			);
			name = Main.storyboard;
			sourceTree = "<group>";
		};
		8489A34A1C44903D00154842 /* LaunchScreen.storyboard */ = {
			isa = PBXVariantGroup;
			children = (
				8489A34B1C44903D00154842 /* Base */,
			);
			name = LaunchScreen.storyboard;
			sourceTree = "<group>";
		};
/* End PBXVariantGroup section */

/* Begin XCBuildConfiguration section */
		8489A34E1C44903D00154842 /* Debug */ = {
			isa = XCBuildConfiguration;
			buildSettings = {
				ALWAYS_SEARCH_USER_PATHS = NO;
				CLANG_CXX_LANGUAGE_STANDARD = "gnu++0x";
				CLANG_CXX_LIBRARY = "libc++";
				CLANG_ENABLE_MODULES = YES;
				CLANG_ENABLE_OBJC_ARC = YES;
				CLANG_WARN_BOOL_CONVERSION = YES;
				CLANG_WARN_CONSTANT_CONVERSION = YES;
				CLANG_WARN_DIRECT_OBJC_ISA_USAGE = YES_ERROR;
				CLANG_WARN_EMPTY_BODY = YES;
				CLANG_WARN_ENUM_CONVERSION = YES;
				CLANG_WARN_INT_CONVERSION = YES;
				CLANG_WARN_OBJC_ROOT_CLASS = YES_ERROR;
				CLANG_WARN_UNREACHABLE_CODE = YES;
				CLANG_WARN__DUPLICATE_METHOD_MATCH = YES;
				"CODE_SIGN_IDENTITY[sdk=iphoneos*]" = "iPhone Developer";
				COPY_PHASE_STRIP = NO;
				DEBUG_INFORMATION_FORMAT = dwarf;
				ENABLE_STRICT_OBJC_MSGSEND = YES;
				ENABLE_TESTABILITY = YES;
				GCC_C_LANGUAGE_STANDARD = gnu99;
				GCC_DYNAMIC_NO_PIC = NO;
				GCC_NO_COMMON_BLOCKS = YES;
				GCC_OPTIMIZATION_LEVEL = 0;
				GCC_PREPROCESSOR_DEFINITIONS = (
					"DEBUG=1",
					"$(inherited)",
				);
				GCC_WARN_64_TO_32_BIT_CONVERSION = YES;
				GCC_WARN_ABOUT_RETURN_TYPE = YES_ERROR;
				GCC_WARN_UNDECLARED_SELECTOR = YES;
				GCC_WARN_UNINITIALIZED_AUTOS = YES_AGGRESSIVE;
				GCC_WARN_UNUSED_FUNCTION = YES;
				GCC_WARN_UNUSED_VARIABLE = YES;
				IPHONEOS_DEPLOYMENT_TARGET = 9.2;
				MTL_ENABLE_DEBUG_INFO = YES;
				ONLY_ACTIVE_ARCH = YES;
				SDKROOT = iphoneos;
				SWIFT_OPTIMIZATION_LEVEL = "-Onone";
				TARGETED_DEVICE_FAMILY = "1,2";
			};
			name = Debug;
		};
		8489A34F1C44903D00154842 /* Release */ = {
			isa = XCBuildConfiguration;
			buildSettings = {
				ALWAYS_SEARCH_USER_PATHS = NO;
				CLANG_CXX_LANGUAGE_STANDARD = "gnu++0x";
				CLANG_CXX_LIBRARY = "libc++";
				CLANG_ENABLE_MODULES = YES;
				CLANG_ENABLE_OBJC_ARC = YES;
				CLANG_WARN_BOOL_CONVERSION = YES;
				CLANG_WARN_CONSTANT_CONVERSION = YES;
				CLANG_WARN_DIRECT_OBJC_ISA_USAGE = YES_ERROR;
				CLANG_WARN_EMPTY_BODY = YES;
				CLANG_WARN_ENUM_CONVERSION = YES;
				CLANG_WARN_INT_CONVERSION = YES;
				CLANG_WARN_OBJC_ROOT_CLASS = YES_ERROR;
				CLANG_WARN_UNREACHABLE_CODE = YES;
				CLANG_WARN__DUPLICATE_METHOD_MATCH = YES;
				"CODE_SIGN_IDENTITY[sdk=iphoneos*]" = "iPhone Developer";
				COPY_PHASE_STRIP = NO;
				DEBUG_INFORMATION_FORMAT = "dwarf-with-dsym";
				ENABLE_NS_ASSERTIONS = NO;
				ENABLE_STRICT_OBJC_MSGSEND = YES;
				GCC_C_LANGUAGE_STANDARD = gnu99;
				GCC_NO_COMMON_BLOCKS = YES;
				GCC_WARN_64_TO_32_BIT_CONVERSION = YES;
				GCC_WARN_ABOUT_RETURN_TYPE = YES_ERROR;
				GCC_WARN_UNDECLARED_SELECTOR = YES;
				GCC_WARN_UNINITIALIZED_AUTOS = YES_AGGRESSIVE;
				GCC_WARN_UNUSED_FUNCTION = YES;
				GCC_WARN_UNUSED_VARIABLE = YES;
				IPHONEOS_DEPLOYMENT_TARGET = 9.2;
				MTL_ENABLE_DEBUG_INFO = NO;
				SDKROOT = iphoneos;
				TARGETED_DEVICE_FAMILY = "1,2";
				VALIDATE_PRODUCT = YES;
			};
			name = Release;
		};
		8489A3511C44903D00154842 /* Debug */ = {
			isa = XCBuildConfiguration;
			buildSettings = {
				ASSETCATALOG_COMPILER_APPICON_NAME = AppIcon;
				INFOPLIST_FILE = Pizzas/Info.plist;
				LD_RUNPATH_SEARCH_PATHS = "$(inherited) @executable_path/Frameworks";
				PRODUCT_BUNDLE_IDENTIFIER = mx.itesm.Pizzas;
				PRODUCT_NAME = "$(TARGET_NAME)";
			};
			name = Debug;
		};
		8489A3521C44903D00154842 /* Release */ = {
			isa = XCBuildConfiguration;
			buildSettings = {
				ASSETCATALOG_COMPILER_APPICON_NAME = AppIcon;
				INFOPLIST_FILE = Pizzas/Info.plist;
				LD_RUNPATH_SEARCH_PATHS = "$(inherited) @executable_path/Frameworks";
				PRODUCT_BUNDLE_IDENTIFIER = mx.itesm.Pizzas;
				PRODUCT_NAME = "$(TARGET_NAME)";
			};
			name = Release;
		};
/* End XCBuildConfiguration section */

/* Begin XCConfigurationList section */
		8489A3391C44903C00154842 /* Build configuration list for PBXProject "Pizzas" */ = {
			isa = XCConfigurationList;
			buildConfigurations = (
				8489A34E1C44903D00154842 /* Debug */,
				8489A34F1C44903D00154842 /* Release */,
			);
			defaultConfigurationIsVisible = 0;
			defaultConfigurationName = Release;
		};
		8489A3501C44903D00154842 /* Build configuration list for PBXNativeTarget "Pizzas" */ = {
			isa = XCConfigurationList;
			buildConfigurations = (
				8489A3511C44903D00154842 /* Debug */,
				8489A3521C44903D00154842 /* Release */,
			);
			defaultConfigurationIsVisible = 0;
			defaultConfigurationName = Release;
		};
/* End XCConfigurationList section */
	};
	rootObject = 8489A3361C44903C00154842 /* Project object */;
}
